
Microsoft Visual Studio Solution File, Format Version 12.00
# Visual Studio Version 17
VisualStudioVersion = 17.12.35707.178
MinimumVisualStudioVersion = 10.0.40219.1
Project("{FAE04EC0-301F-11D3-BF4B-00C04F79EFBC}") = "BusinessObjects", "BusinessObjects\BusinessObjects.csproj", "{F931B745-F220-48E1-BAE2-7F1624143F51}"
EndProject
Project("{FAE04EC0-301F-11D3-BF4B-00C04F79EFBC}") = "DataAccessObjects", "DataAccessObjects\DataAccessObjects.csproj", "{D558A177-D224-47BF-882E-1CA6AC20BD29}"
EndProject
Project("{FAE04EC0-301F-11D3-BF4B-00C04F79EFBC}") = "Repositories", "Repositories\Repositories.csproj", "{75025682-9967-4922-881A-D52287143092}"
EndProject
Project("{FAE04EC0-301F-11D3-BF4B-00C04F79EFBC}") = "Services", "Services\Services.csproj", "{E7C29967-75D7-4BB9-A1FE-6AC3FFC48E3F}"
EndProject
Project("{FAE04EC0-301F-11D3-BF4B-00C04F79EFBC}") = "DUPSWebAPI", "DUPSWebAPI\DUPSWebAPI.csproj", "{88C0DB2D-F8B6-49C0-BE08-AF4137EC230C}"
EndProject
Project("{FAE04EC0-301F-11D3-BF4B-00C04F79EFBC}") = "DUPSWebApp", "DUPSWebApp\DUPSWebApp.csproj", "{82D3D49C-B6AF-4032-9042-34C4E7EB82CC}"
EndProject
Global
	GlobalSection(SolutionConfigurationPlatforms) = preSolution
		Debug|Any CPU = Debug|Any CPU
		Release|Any CPU = Release|Any CPU
	EndGlobalSection
	GlobalSection(ProjectConfigurationPlatforms) = postSolution
		{F931B745-F220-48E1-BAE2-7F1624143F51}.Debug|Any CPU.ActiveCfg = Debug|Any CPU
		{F931B745-F220-48E1-BAE2-7F1624143F51}.Debug|Any CPU.Build.0 = Debug|Any CPU
		{F931B745-F220-48E1-BAE2-7F1624143F51}.Release|Any CPU.ActiveCfg = Release|Any CPU
		{F931B745-F220-48E1-BAE2-7F1624143F51}.Release|Any CPU.Build.0 = Release|Any CPU
		{D558A177-D224-47BF-882E-1CA6AC20BD29}.Debug|Any CPU.ActiveCfg = Debug|Any CPU
		{D558A177-D224-47BF-882E-1CA6AC20BD29}.Debug|Any CPU.Build.0 = Debug|Any CPU
		{D558A177-D224-47BF-882E-1CA6AC20BD29}.Release|Any CPU.ActiveCfg = Release|Any CPU
		{D558A177-D224-47BF-882E-1CA6AC20BD29}.Release|Any CPU.Build.0 = Release|Any CPU
		{75025682-9967-4922-881A-D52287143092}.Debug|Any CPU.ActiveCfg = Debug|Any CPU
		{75025682-9967-4922-881A-D52287143092}.Debug|Any CPU.Build.0 = Debug|Any CPU
		{75025682-9967-4922-881A-D52287143092}.Release|Any CPU.ActiveCfg = Release|Any CPU
		{75025682-9967-4922-881A-D52287143092}.Release|Any CPU.Build.0 = Release|Any CPU
		{E7C29967-75D7-4BB9-A1FE-6AC3FFC48E3F}.Debug|Any CPU.ActiveCfg = Debug|Any CPU
		{E7C29967-75D7-4BB9-A1FE-6AC3FFC48E3F}.Debug|Any CPU.Build.0 = Debug|Any CPU
		{E7C29967-75D7-4BB9-A1FE-6AC3FFC48E3F}.Release|Any CPU.ActiveCfg = Release|Any CPU
		{E7C29967-75D7-4BB9-A1FE-6AC3FFC48E3F}.Release|Any CPU.Build.0 = Release|Any CPU
		{88C0DB2D-F8B6-49C0-BE08-AF4137EC230C}.Debug|Any CPU.ActiveCfg = Debug|Any CPU
		{88C0DB2D-F8B6-49C0-BE08-AF4137EC230C}.Debug|Any CPU.Build.0 = Debug|Any CPU
		{88C0DB2D-F8B6-49C0-BE08-AF4137EC230C}.Release|Any CPU.ActiveCfg = Release|Any CPU
		{88C0DB2D-F8B6-49C0-BE08-AF4137EC230C}.Release|Any CPU.Build.0 = Release|Any CPU
		{82D3D49C-B6AF-4032-9042-34C4E7EB82CC}.Debug|Any CPU.ActiveCfg = Debug|Any CPU
		{82D3D49C-B6AF-4032-9042-34C4E7EB82CC}.Debug|Any CPU.Build.0 = Debug|Any CPU
		{82D3D49C-B6AF-4032-9042-34C4E7EB82CC}.Release|Any CPU.ActiveCfg = Release|Any CPU
		{82D3D49C-B6AF-4032-9042-34C4E7EB82CC}.Release|Any CPU.Build.0 = Release|Any CPU
	EndGlobalSection
	GlobalSection(SolutionProperties) = preSolution
		HideSolutionNode = FALSE
	EndGlobalSection
EndGlobal
